
Microsoft Visual Studio Solution File, Format Version 11.00
# Visual Studio 2010
Project("{FAE04EC0-301F-11D3-BF4B-00C04F79EFBC}") = "NDecision", "NDecision\NDecision.csproj", "{42197418-A01F-4DA3-BA0A-B0C4A633CDC7}"
EndProject
Project("{2150E333-8FDC-42A3-9474-1A3956D46DE8}") = "Solution Items", "Solution Items", "{E4C5A208-8538-4661-B891-643BED440A79}"
	ProjectSection(SolutionItems) = preProject
		.gitignore = .gitignore
		README.md = README.md
	EndProjectSection
EndProject
Project("{FAE04EC0-301F-11D3-BF4B-00C04F79EFBC}") = "NDecision.Tests", "NDecision.Tests\NDecision.Tests.csproj", "{2091CBA7-6A72-4C59-9DD8-6FB48F3E9271}"
EndProject
Project("{FAE04EC0-301F-11D3-BF4B-00C04F79EFBC}") = "NDecision.Aspects", "NDecision.Aspects\NDecision.Aspects.csproj", "{6354CEEB-8351-4F24-B11B-A9F3EEF42BF6}"
EndProject
Project("{FAE04EC0-301F-11D3-BF4B-00C04F79EFBC}") = "NDecision.MVCDemo", "NDecision.MVCDemo\NDecision.MVCDemo.csproj", "{A9253800-A3A0-46A7-AD26-A38DBAB2EC28}"
EndProject
Global
	GlobalSection(SolutionConfigurationPlatforms) = preSolution
		Debug|Any CPU = Debug|Any CPU
		Debug|Mixed Platforms = Debug|Mixed Platforms
		Debug|x86 = Debug|x86
		Release|Any CPU = Release|Any CPU
		Release|Mixed Platforms = Release|Mixed Platforms
		Release|x86 = Release|x86
	EndGlobalSection
	GlobalSection(ProjectConfigurationPlatforms) = postSolution
		{42197418-A01F-4DA3-BA0A-B0C4A633CDC7}.Debug|Any CPU.ActiveCfg = Debug|Any CPU
		{42197418-A01F-4DA3-BA0A-B0C4A633CDC7}.Debug|Any CPU.Build.0 = Debug|Any CPU
		{42197418-A01F-4DA3-BA0A-B0C4A633CDC7}.Debug|Mixed Platforms.ActiveCfg = Debug|Any CPU
		{42197418-A01F-4DA3-BA0A-B0C4A633CDC7}.Debug|Mixed Platforms.Build.0 = Debug|Any CPU
		{42197418-A01F-4DA3-BA0A-B0C4A633CDC7}.Debug|x86.ActiveCfg = Debug|Any CPU
		{42197418-A01F-4DA3-BA0A-B0C4A633CDC7}.Release|Any CPU.ActiveCfg = Release|Any CPU
		{42197418-A01F-4DA3-BA0A-B0C4A633CDC7}.Release|Any CPU.Build.0 = Release|Any CPU
		{42197418-A01F-4DA3-BA0A-B0C4A633CDC7}.Release|Mixed Platforms.ActiveCfg = Release|Any CPU
		{42197418-A01F-4DA3-BA0A-B0C4A633CDC7}.Release|Mixed Platforms.Build.0 = Release|Any CPU
		{42197418-A01F-4DA3-BA0A-B0C4A633CDC7}.Release|x86.ActiveCfg = Release|Any CPU
		{2091CBA7-6A72-4C59-9DD8-6FB48F3E9271}.Debug|Any CPU.ActiveCfg = Debug|Any CPU
		{2091CBA7-6A72-4C59-9DD8-6FB48F3E9271}.Debug|Any CPU.Build.0 = Debug|Any CPU
		{2091CBA7-6A72-4C59-9DD8-6FB48F3E9271}.Debug|Mixed Platforms.ActiveCfg = Debug|Any CPU
		{2091CBA7-6A72-4C59-9DD8-6FB48F3E9271}.Debug|Mixed Platforms.Build.0 = Debug|Any CPU
		{2091CBA7-6A72-4C59-9DD8-6FB48F3E9271}.Debug|x86.ActiveCfg = Debug|Any CPU
		{2091CBA7-6A72-4C59-9DD8-6FB48F3E9271}.Release|Any CPU.ActiveCfg = Release|Any CPU
		{2091CBA7-6A72-4C59-9DD8-6FB48F3E9271}.Release|Any CPU.Build.0 = Release|Any CPU
		{2091CBA7-6A72-4C59-9DD8-6FB48F3E9271}.Release|Mixed Platforms.ActiveCfg = Release|Any CPU
		{2091CBA7-6A72-4C59-9DD8-6FB48F3E9271}.Release|Mixed Platforms.Build.0 = Release|Any CPU
		{2091CBA7-6A72-4C59-9DD8-6FB48F3E9271}.Release|x86.ActiveCfg = Release|Any CPU
		{6354CEEB-8351-4F24-B11B-A9F3EEF42BF6}.Debug|Any CPU.ActiveCfg = Debug|Any CPU
		{6354CEEB-8351-4F24-B11B-A9F3EEF42BF6}.Debug|Any CPU.Build.0 = Debug|Any CPU
		{6354CEEB-8351-4F24-B11B-A9F3EEF42BF6}.Debug|Mixed Platforms.ActiveCfg = Debug|Any CPU
		{6354CEEB-8351-4F24-B11B-A9F3EEF42BF6}.Debug|Mixed Platforms.Build.0 = Debug|Any CPU
		{6354CEEB-8351-4F24-B11B-A9F3EEF42BF6}.Debug|x86.ActiveCfg = Debug|Any CPU
		{6354CEEB-8351-4F24-B11B-A9F3EEF42BF6}.Release|Any CPU.ActiveCfg = Release|Any CPU
		{6354CEEB-8351-4F24-B11B-A9F3EEF42BF6}.Release|Any CPU.Build.0 = Release|Any CPU
		{6354CEEB-8351-4F24-B11B-A9F3EEF42BF6}.Release|Mixed Platforms.ActiveCfg = Release|Any CPU
		{6354CEEB-8351-4F24-B11B-A9F3EEF42BF6}.Release|Mixed Platforms.Build.0 = Release|Any CPU
		{6354CEEB-8351-4F24-B11B-A9F3EEF42BF6}.Release|x86.ActiveCfg = Release|Any CPU
		{A9253800-A3A0-46A7-AD26-A38DBAB2EC28}.Debug|Any CPU.ActiveCfg = Debug|Any CPU
		{A9253800-A3A0-46A7-AD26-A38DBAB2EC28}.Debug|Any CPU.Build.0 = Debug|Any CPU
		{A9253800-A3A0-46A7-AD26-A38DBAB2EC28}.Debug|Mixed Platforms.ActiveCfg = Debug|Any CPU
		{A9253800-A3A0-46A7-AD26-A38DBAB2EC28}.Debug|Mixed Platforms.Build.0 = Debug|Any CPU
		{A9253800-A3A0-46A7-AD26-A38DBAB2EC28}.Debug|x86.ActiveCfg = Debug|Any CPU
		{A9253800-A3A0-46A7-AD26-A38DBAB2EC28}.Release|Any CPU.ActiveCfg = Release|Any CPU
		{A9253800-A3A0-46A7-AD26-A38DBAB2EC28}.Release|Any CPU.Build.0 = Release|Any CPU
		{A9253800-A3A0-46A7-AD26-A38DBAB2EC28}.Release|Mixed Platforms.ActiveCfg = Release|Any CPU
		{A9253800-A3A0-46A7-AD26-A38DBAB2EC28}.Release|Mixed Platforms.Build.0 = Release|Any CPU
		{A9253800-A3A0-46A7-AD26-A38DBAB2EC28}.Release|x86.ActiveCfg = Release|Any CPU
	EndGlobalSection
	GlobalSection(SolutionProperties) = preSolution
		HideSolutionNode = FALSE
	EndGlobalSection
EndGlobal
